// !$*UTF8*$!
{
	archiveVersion = 1;
	classes = {
	};
	objectVersion = 56;
	objects = {

/* Begin PBXBuildFile section */
		C73075A22B2F68BD009A1039 /* AppDelegate.swift in Sources */ = {isa = PBXBuildFile; fileRef = C73075A12B2F68BD009A1039 /* AppDelegate.swift */; };
		C73075A42B2F68BD009A1039 /* SceneDelegate.swift in Sources */ = {isa = PBXBuildFile; fileRef = C73075A32B2F68BD009A1039 /* SceneDelegate.swift */; };
		C73075A62B2F68BD009A1039 /* HotelViewController.swift in Sources */ = {isa = PBXBuildFile; fileRef = C73075A52B2F68BD009A1039 /* HotelViewController.swift */; };
		C73075AB2B2F68BD009A1039 /* Assets.xcassets in Resources */ = {isa = PBXBuildFile; fileRef = C73075AA2B2F68BD009A1039 /* Assets.xcassets */; };
		C73075AE2B2F68BD009A1039 /* LaunchScreen.storyboard in Resources */ = {isa = PBXBuildFile; fileRef = C73075AC2B2F68BD009A1039 /* LaunchScreen.storyboard */; };
		C73075B62B2F699B009A1039 /* HotelModel.swift in Sources */ = {isa = PBXBuildFile; fileRef = C73075B52B2F699B009A1039 /* HotelModel.swift */; };
		C73075B92B2F8393009A1039 /* NetworkManager.swift in Sources */ = {isa = PBXBuildFile; fileRef = C73075B82B2F8393009A1039 /* NetworkManager.swift */; };
		C73075BB2B2F866B009A1039 /* APIURL.swift in Sources */ = {isa = PBXBuildFile; fileRef = C73075BA2B2F866B009A1039 /* APIURL.swift */; };
		C73075BE2B2F87F9009A1039 /* APIError.swift in Sources */ = {isa = PBXBuildFile; fileRef = C73075BD2B2F87F9009A1039 /* APIError.swift */; };
		C73075C02B308B27009A1039 /* NetworkServiceProtocol.swift in Sources */ = {isa = PBXBuildFile; fileRef = C73075BF2B308B27009A1039 /* NetworkServiceProtocol.swift */; };
		C73075C22B308D93009A1039 /* RoomModel.swift in Sources */ = {isa = PBXBuildFile; fileRef = C73075C12B308D93009A1039 /* RoomModel.swift */; };
		C73075C62B30CB48009A1039 /* BookingModel.swift in Sources */ = {isa = PBXBuildFile; fileRef = C73075C52B30CB48009A1039 /* BookingModel.swift */; };
		C7B03EB02B359BDA006FBB1D /* SF-Pro-Display-Regular.otf in Resources */ = {isa = PBXBuildFile; fileRef = C7B03EAD2B359BDA006FBB1D /* SF-Pro-Display-Regular.otf */; };
		C7B03EB12B359BDA006FBB1D /* SF-Pro-Display-Semibold.otf in Resources */ = {isa = PBXBuildFile; fileRef = C7B03EAE2B359BDA006FBB1D /* SF-Pro-Display-Semibold.otf */; };
		C7B03EB22B359BDA006FBB1D /* SF-Pro-Display-Medium.otf in Resources */ = {isa = PBXBuildFile; fileRef = C7B03EAF2B359BDA006FBB1D /* SF-Pro-Display-Medium.otf */; };
		C7B03EB42B35A8EA006FBB1D /* Constants.swift in Sources */ = {isa = PBXBuildFile; fileRef = C7B03EB32B35A8EA006FBB1D /* Constants.swift */; };
		C7B03EB82B35D5C4006FBB1D /* TagView.swift in Sources */ = {isa = PBXBuildFile; fileRef = C7B03EB72B35D5C4006FBB1D /* TagView.swift */; };
		C7B03EE82B372456006FBB1D /* AdvantageTableVC.swift in Sources */ = {isa = PBXBuildFile; fileRef = C7B03EE72B372456006FBB1D /* AdvantageTableVC.swift */; };
		C7B03EEA2B372471006FBB1D /* AdvantageTableViewCell.swift in Sources */ = {isa = PBXBuildFile; fileRef = C7B03EE92B372471006FBB1D /* AdvantageTableViewCell.swift */; };
		C7B03EEC2B3747ED006FBB1D /* BottomButton.swift in Sources */ = {isa = PBXBuildFile; fileRef = C7B03EEB2B3747ED006FBB1D /* BottomButton.swift */; };
		C7B03EF22B388CE4006FBB1D /* RoomImageCollectionViewCell.swift in Sources */ = {isa = PBXBuildFile; fileRef = C7B03EF12B388CE4006FBB1D /* RoomImageCollectionViewCell.swift */; };
		C7B03EF52B388D50006FBB1D /* RoomTableViewCell.swift in Sources */ = {isa = PBXBuildFile; fileRef = C7B03EF42B388D50006FBB1D /* RoomTableViewCell.swift */; };
		C7B632EE2B32160200CCDDFC /* ConfirmationView.swift in Sources */ = {isa = PBXBuildFile; fileRef = C7B632ED2B32160200CCDDFC /* ConfirmationView.swift */; };
		C7B632F12B321B4400CCDDFC /* HotelViewModel.swift in Sources */ = {isa = PBXBuildFile; fileRef = C7B632F02B321B4400CCDDFC /* HotelViewModel.swift */; };
		C7B632F42B322E7900CCDDFC /* RoomViewController.swift in Sources */ = {isa = PBXBuildFile; fileRef = C7B632F32B322E7900CCDDFC /* RoomViewController.swift */; };
		C7B632F62B322E8400CCDDFC /* RoomViewModel.swift in Sources */ = {isa = PBXBuildFile; fileRef = C7B632F52B322E8400CCDDFC /* RoomViewModel.swift */; };
		C7B632F82B32311200CCDDFC /* BookingViewController.swift in Sources */ = {isa = PBXBuildFile; fileRef = C7B632F72B32311200CCDDFC /* BookingViewController.swift */; };
		C7B632FA2B32311E00CCDDFC /* BookingViewModel.swift in Sources */ = {isa = PBXBuildFile; fileRef = C7B632F92B32311E00CCDDFC /* BookingViewModel.swift */; };
		C7B632FD2B337CF800CCDDFC /* HotelImageCollectionViewCell.swift in Sources */ = {isa = PBXBuildFile; fileRef = C7B632FC2B337CF800CCDDFC /* HotelImageCollectionViewCell.swift */; };
		C7EFEC4D2B3AF6AA00F53422 /* CommonTextField.swift in Sources */ = {isa = PBXBuildFile; fileRef = C7EFEC4C2B3AF6AA00F53422 /* CommonTextField.swift */; };
		C7EFEC4F2B3AFF4A00F53422 /* Extension + Int.swift in Sources */ = {isa = PBXBuildFile; fileRef = C7EFEC4E2B3AFF4A00F53422 /* Extension + Int.swift */; };
		C7EFEC512B3B31EA00F53422 /* String + Extension.swift in Sources */ = {isa = PBXBuildFile; fileRef = C7EFEC502B3B31EA00F53422 /* String + Extension.swift */; };
		C7EFEC532B3B4E1000F53422 /* TouristViewController.swift in Sources */ = {isa = PBXBuildFile; fileRef = C7EFEC522B3B4E1000F53422 /* TouristViewController.swift */; };
/* End PBXBuildFile section */

/* Begin PBXFileReference section */
		C730759E2B2F68BD009A1039 /* HotelPicker.app */ = {isa = PBXFileReference; explicitFileType = wrapper.application; includeInIndex = 0; path = HotelPicker.app; sourceTree = BUILT_PRODUCTS_DIR; };
		C73075A12B2F68BD009A1039 /* AppDelegate.swift */ = {isa = PBXFileReference; lastKnownFileType = sourcecode.swift; path = AppDelegate.swift; sourceTree = "<group>"; };
		C73075A32B2F68BD009A1039 /* SceneDelegate.swift */ = {isa = PBXFileReference; lastKnownFileType = sourcecode.swift; path = SceneDelegate.swift; sourceTree = "<group>"; };
		C73075A52B2F68BD009A1039 /* HotelViewController.swift */ = {isa = PBXFileReference; lastKnownFileType = sourcecode.swift; path = HotelViewController.swift; sourceTree = "<group>"; };
		C73075AA2B2F68BD009A1039 /* Assets.xcassets */ = {isa = PBXFileReference; lastKnownFileType = folder.assetcatalog; path = Assets.xcassets; sourceTree = "<group>"; };
		C73075AD2B2F68BD009A1039 /* Base */ = {isa = PBXFileReference; lastKnownFileType = file.storyboard; name = Base; path = Base.lproj/LaunchScreen.storyboard; sourceTree = "<group>"; };
		C73075AF2B2F68BD009A1039 /* Info.plist */ = {isa = PBXFileReference; lastKnownFileType = text.plist.xml; path = Info.plist; sourceTree = "<group>"; };
		C73075B52B2F699B009A1039 /* HotelModel.swift */ = {isa = PBXFileReference; lastKnownFileType = sourcecode.swift; path = HotelModel.swift; sourceTree = "<group>"; };
		C73075B82B2F8393009A1039 /* NetworkManager.swift */ = {isa = PBXFileReference; lastKnownFileType = sourcecode.swift; path = NetworkManager.swift; sourceTree = "<group>"; };
		C73075BA2B2F866B009A1039 /* APIURL.swift */ = {isa = PBXFileReference; lastKnownFileType = sourcecode.swift; path = APIURL.swift; sourceTree = "<group>"; };
		C73075BD2B2F87F9009A1039 /* APIError.swift */ = {isa = PBXFileReference; lastKnownFileType = sourcecode.swift; path = APIError.swift; sourceTree = "<group>"; };
		C73075BF2B308B27009A1039 /* NetworkServiceProtocol.swift */ = {isa = PBXFileReference; lastKnownFileType = sourcecode.swift; path = NetworkServiceProtocol.swift; sourceTree = "<group>"; };
		C73075C12B308D93009A1039 /* RoomModel.swift */ = {isa = PBXFileReference; lastKnownFileType = sourcecode.swift; path = RoomModel.swift; sourceTree = "<group>"; };
		C73075C52B30CB48009A1039 /* BookingModel.swift */ = {isa = PBXFileReference; lastKnownFileType = sourcecode.swift; path = BookingModel.swift; sourceTree = "<group>"; };
		C7B03EAD2B359BDA006FBB1D /* SF-Pro-Display-Regular.otf */ = {isa = PBXFileReference; lastKnownFileType = file; path = "SF-Pro-Display-Regular.otf"; sourceTree = "<group>"; };
		C7B03EAE2B359BDA006FBB1D /* SF-Pro-Display-Semibold.otf */ = {isa = PBXFileReference; lastKnownFileType = file; path = "SF-Pro-Display-Semibold.otf"; sourceTree = "<group>"; };
		C7B03EAF2B359BDA006FBB1D /* SF-Pro-Display-Medium.otf */ = {isa = PBXFileReference; lastKnownFileType = file; path = "SF-Pro-Display-Medium.otf"; sourceTree = "<group>"; };
		C7B03EB32B35A8EA006FBB1D /* Constants.swift */ = {isa = PBXFileReference; lastKnownFileType = sourcecode.swift; path = Constants.swift; sourceTree = "<group>"; };
		C7B03EB72B35D5C4006FBB1D /* TagView.swift */ = {isa = PBXFileReference; lastKnownFileType = sourcecode.swift; path = TagView.swift; sourceTree = "<group>"; };
		C7B03EE72B372456006FBB1D /* AdvantageTableVC.swift */ = {isa = PBXFileReference; lastKnownFileType = sourcecode.swift; path = AdvantageTableVC.swift; sourceTree = "<group>"; };
		C7B03EE92B372471006FBB1D /* AdvantageTableViewCell.swift */ = {isa = PBXFileReference; lastKnownFileType = sourcecode.swift; path = AdvantageTableViewCell.swift; sourceTree = "<group>"; };
		C7B03EEB2B3747ED006FBB1D /* BottomButton.swift */ = {isa = PBXFileReference; lastKnownFileType = sourcecode.swift; path = BottomButton.swift; sourceTree = "<group>"; };
		C7B03EF12B388CE4006FBB1D /* RoomImageCollectionViewCell.swift */ = {isa = PBXFileReference; lastKnownFileType = sourcecode.swift; path = RoomImageCollectionViewCell.swift; sourceTree = "<group>"; };
		C7B03EF42B388D50006FBB1D /* RoomTableViewCell.swift */ = {isa = PBXFileReference; lastKnownFileType = sourcecode.swift; path = RoomTableViewCell.swift; sourceTree = "<group>"; };
		C7B632ED2B32160200CCDDFC /* ConfirmationView.swift */ = {isa = PBXFileReference; lastKnownFileType = sourcecode.swift; path = ConfirmationView.swift; sourceTree = "<group>"; };
		C7B632F02B321B4400CCDDFC /* HotelViewModel.swift */ = {isa = PBXFileReference; lastKnownFileType = sourcecode.swift; path = HotelViewModel.swift; sourceTree = "<group>"; };
		C7B632F32B322E7900CCDDFC /* RoomViewController.swift */ = {isa = PBXFileReference; lastKnownFileType = sourcecode.swift; path = RoomViewController.swift; sourceTree = "<group>"; };
		C7B632F52B322E8400CCDDFC /* RoomViewModel.swift */ = {isa = PBXFileReference; lastKnownFileType = sourcecode.swift; path = RoomViewModel.swift; sourceTree = "<group>"; };
		C7B632F72B32311200CCDDFC /* BookingViewController.swift */ = {isa = PBXFileReference; lastKnownFileType = sourcecode.swift; path = BookingViewController.swift; sourceTree = "<group>"; };
		C7B632F92B32311E00CCDDFC /* BookingViewModel.swift */ = {isa = PBXFileReference; lastKnownFileType = sourcecode.swift; path = BookingViewModel.swift; sourceTree = "<group>"; };
		C7B632FC2B337CF800CCDDFC /* HotelImageCollectionViewCell.swift */ = {isa = PBXFileReference; lastKnownFileType = sourcecode.swift; path = HotelImageCollectionViewCell.swift; sourceTree = "<group>"; };
		C7EFEC4C2B3AF6AA00F53422 /* CommonTextField.swift */ = {isa = PBXFileReference; lastKnownFileType = sourcecode.swift; path = CommonTextField.swift; sourceTree = "<group>"; };
		C7EFEC4E2B3AFF4A00F53422 /* Extension + Int.swift */ = {isa = PBXFileReference; lastKnownFileType = sourcecode.swift; path = "Extension + Int.swift"; sourceTree = "<group>"; };
		C7EFEC502B3B31EA00F53422 /* String + Extension.swift */ = {isa = PBXFileReference; lastKnownFileType = sourcecode.swift; path = "String + Extension.swift"; sourceTree = "<group>"; };
		C7EFEC522B3B4E1000F53422 /* TouristViewController.swift */ = {isa = PBXFileReference; lastKnownFileType = sourcecode.swift; path = TouristViewController.swift; sourceTree = "<group>"; };
/* End PBXFileReference section */

/* Begin PBXFrameworksBuildPhase section */
		C730759B2B2F68BD009A1039 /* Frameworks */ = {
			isa = PBXFrameworksBuildPhase;
			buildActionMask = 2147483647;
			files = (
			);
			runOnlyForDeploymentPostprocessing = 0;
		};
/* End PBXFrameworksBuildPhase section */

/* Begin PBXGroup section */
		C73075952B2F68BD009A1039 = {
			isa = PBXGroup;
			children = (
				C73075A02B2F68BD009A1039 /* HotelPicker */,
				C730759F2B2F68BD009A1039 /* Products */,
			);
			sourceTree = "<group>";
		};
		C730759F2B2F68BD009A1039 /* Products */ = {
			isa = PBXGroup;
			children = (
				C730759E2B2F68BD009A1039 /* HotelPicker.app */,
			);
			name = Products;
			sourceTree = "<group>";
		};
		C73075A02B2F68BD009A1039 /* HotelPicker */ = {
			isa = PBXGroup;
			children = (
				C7B03EAC2B359B24006FBB1D /* Assets */,
				C7B632EF2B321B1D00CCDDFC /* Hotel */,
				C7B632F22B322E3300CCDDFC /* Room */,
				C73075B72B2F82FB009A1039 /* Booking */,
				C7B632EC2B3215B800CCDDFC /* ConfirmationView */,
				C7B632FB2B337CDB00CCDDFC /* CommonUI */,
				C73075C42B30CAC2009A1039 /* Services */,
				C73075C32B30CAB6009A1039 /* Protocols */,
				C73075BC2B2F8670009A1039 /* Helpers */,
				C73075A12B2F68BD009A1039 /* AppDelegate.swift */,
				C73075A32B2F68BD009A1039 /* SceneDelegate.swift */,
				C73075AC2B2F68BD009A1039 /* LaunchScreen.storyboard */,
				C73075AA2B2F68BD009A1039 /* Assets.xcassets */,
				C73075AF2B2F68BD009A1039 /* Info.plist */,
			);
			path = HotelPicker;
			sourceTree = "<group>";
		};
		C73075B72B2F82FB009A1039 /* Booking */ = {
			isa = PBXGroup;
			children = (
				C73075C52B30CB48009A1039 /* BookingModel.swift */,
				C7B632F72B32311200CCDDFC /* BookingViewController.swift */,
				C7B632F92B32311E00CCDDFC /* BookingViewModel.swift */,
				C7EFEC522B3B4E1000F53422 /* TouristViewController.swift */,
			);
			path = Booking;
			sourceTree = "<group>";
		};
		C73075BC2B2F8670009A1039 /* Helpers */ = {
			isa = PBXGroup;
			children = (
				C7B03EB32B35A8EA006FBB1D /* Constants.swift */,
				C73075BA2B2F866B009A1039 /* APIURL.swift */,
				C73075BD2B2F87F9009A1039 /* APIError.swift */,
				C7EFEC4E2B3AFF4A00F53422 /* Extension + Int.swift */,
				C7EFEC502B3B31EA00F53422 /* String + Extension.swift */,
			);
			path = Helpers;
			sourceTree = "<group>";
		};
		C73075C32B30CAB6009A1039 /* Protocols */ = {
			isa = PBXGroup;
			children = (
				C73075BF2B308B27009A1039 /* NetworkServiceProtocol.swift */,
			);
			path = Protocols;
			sourceTree = "<group>";
		};
		C73075C42B30CAC2009A1039 /* Services */ = {
			isa = PBXGroup;
			children = (
				C73075B82B2F8393009A1039 /* NetworkManager.swift */,
			);
			path = Services;
			sourceTree = "<group>";
		};
		C7B03EAC2B359B24006FBB1D /* Assets */ = {
			isa = PBXGroup;
			children = (
				C7B03EAF2B359BDA006FBB1D /* SF-Pro-Display-Medium.otf */,
				C7B03EAD2B359BDA006FBB1D /* SF-Pro-Display-Regular.otf */,
				C7B03EAE2B359BDA006FBB1D /* SF-Pro-Display-Semibold.otf */,
			);
			path = Assets;
			sourceTree = "<group>";
		};
		C7B03EE62B37242B006FBB1D /* AdvantageTable */ = {
			isa = PBXGroup;
			children = (
				C7B03EE72B372456006FBB1D /* AdvantageTableVC.swift */,
				C7B03EE92B372471006FBB1D /* AdvantageTableViewCell.swift */,
			);
			path = AdvantageTable;
			sourceTree = "<group>";
		};
		C7B03EF32B388D3A006FBB1D /* RoomVC */ = {
			isa = PBXGroup;
			children = (
				C7B632F32B322E7900CCDDFC /* RoomViewController.swift */,
				C7B03EF42B388D50006FBB1D /* RoomTableViewCell.swift */,
			);
			path = RoomVC;
			sourceTree = "<group>";
		};
		C7B632EC2B3215B800CCDDFC /* ConfirmationView */ = {
			isa = PBXGroup;
			children = (
				C7B632ED2B32160200CCDDFC /* ConfirmationView.swift */,
			);
			path = ConfirmationView;
			sourceTree = "<group>";
		};
		C7B632EF2B321B1D00CCDDFC /* Hotel */ = {
			isa = PBXGroup;
			children = (
				C73075B52B2F699B009A1039 /* HotelModel.swift */,
				C73075A52B2F68BD009A1039 /* HotelViewController.swift */,
				C7B632F02B321B4400CCDDFC /* HotelViewModel.swift */,
				C7B632FC2B337CF800CCDDFC /* HotelImageCollectionViewCell.swift */,
				C7B03EE62B37242B006FBB1D /* AdvantageTable */,
			);
			path = Hotel;
			sourceTree = "<group>";
		};
		C7B632F22B322E3300CCDDFC /* Room */ = {
			isa = PBXGroup;
			children = (
				C73075C12B308D93009A1039 /* RoomModel.swift */,
				C7B03EF32B388D3A006FBB1D /* RoomVC */,
				C7B632F52B322E8400CCDDFC /* RoomViewModel.swift */,
				C7B03EF12B388CE4006FBB1D /* RoomImageCollectionViewCell.swift */,
			);
			path = Room;
			sourceTree = "<group>";
		};
		C7B632FB2B337CDB00CCDDFC /* CommonUI */ = {
			isa = PBXGroup;
			children = (
				C7B03EB72B35D5C4006FBB1D /* TagView.swift */,
				C7B03EEB2B3747ED006FBB1D /* BottomButton.swift */,
				C7EFEC4C2B3AF6AA00F53422 /* CommonTextField.swift */,
			);
			path = CommonUI;
			sourceTree = "<group>";
		};
/* End PBXGroup section */

/* Begin PBXNativeTarget section */
		C730759D2B2F68BD009A1039 /* HotelPicker */ = {
			isa = PBXNativeTarget;
			buildConfigurationList = C73075B22B2F68BD009A1039 /* Build configuration list for PBXNativeTarget "HotelPicker" */;
			buildPhases = (
				C730759A2B2F68BD009A1039 /* Sources */,
				C730759B2B2F68BD009A1039 /* Frameworks */,
				C730759C2B2F68BD009A1039 /* Resources */,
			);
			buildRules = (
			);
			dependencies = (
			);
			name = HotelPicker;
			productName = HotelPicker;
			productReference = C730759E2B2F68BD009A1039 /* HotelPicker.app */;
			productType = "com.apple.product-type.application";
		};
/* End PBXNativeTarget section */

/* Begin PBXProject section */
		C73075962B2F68BD009A1039 /* Project object */ = {
			isa = PBXProject;
			attributes = {
				BuildIndependentTargetsInParallel = 1;
				LastSwiftUpdateCheck = 1510;
				LastUpgradeCheck = 1510;
				TargetAttributes = {
					C730759D2B2F68BD009A1039 = {
						CreatedOnToolsVersion = 15.1;
					};
				};
			};
			buildConfigurationList = C73075992B2F68BD009A1039 /* Build configuration list for PBXProject "HotelPicker" */;
			compatibilityVersion = "Xcode 14.0";
			developmentRegion = en;
			hasScannedForEncodings = 0;
			knownRegions = (
				en,
				Base,
			);
			mainGroup = C73075952B2F68BD009A1039;
			productRefGroup = C730759F2B2F68BD009A1039 /* Products */;
			projectDirPath = "";
			projectRoot = "";
			targets = (
				C730759D2B2F68BD009A1039 /* HotelPicker */,
			);
		};
/* End PBXProject section */

/* Begin PBXResourcesBuildPhase section */
		C730759C2B2F68BD009A1039 /* Resources */ = {
			isa = PBXResourcesBuildPhase;
			buildActionMask = 2147483647;
			files = (
				C7B03EB12B359BDA006FBB1D /* SF-Pro-Display-Semibold.otf in Resources */,
				C73075AE2B2F68BD009A1039 /* LaunchScreen.storyboard in Resources */,
				C7B03EB02B359BDA006FBB1D /* SF-Pro-Display-Regular.otf in Resources */,
				C73075AB2B2F68BD009A1039 /* Assets.xcassets in Resources */,
				C7B03EB22B359BDA006FBB1D /* SF-Pro-Display-Medium.otf in Resources */,
			);
			runOnlyForDeploymentPostprocessing = 0;
		};
/* End PBXResourcesBuildPhase section */

/* Begin PBXSourcesBuildPhase section */
		C730759A2B2F68BD009A1039 /* Sources */ = {
			isa = PBXSourcesBuildPhase;
			buildActionMask = 2147483647;
			files = (
				C7B632FD2B337CF800CCDDFC /* HotelImageCollectionViewCell.swift in Sources */,
				C7B03EB42B35A8EA006FBB1D /* Constants.swift in Sources */,
				C7B632EE2B32160200CCDDFC /* ConfirmationView.swift in Sources */,
				C73075B62B2F699B009A1039 /* HotelModel.swift in Sources */,
				C7B632F42B322E7900CCDDFC /* RoomViewController.swift in Sources */,
				C73075A62B2F68BD009A1039 /* HotelViewController.swift in Sources */,
				C7EFEC4D2B3AF6AA00F53422 /* CommonTextField.swift in Sources */,
				C7EFEC532B3B4E1000F53422 /* TouristViewController.swift in Sources */,
				C73075C22B308D93009A1039 /* RoomModel.swift in Sources */,
				C7B632F62B322E8400CCDDFC /* RoomViewModel.swift in Sources */,
				C7B632FA2B32311E00CCDDFC /* BookingViewModel.swift in Sources */,
				C73075B92B2F8393009A1039 /* NetworkManager.swift in Sources */,
				C73075A22B2F68BD009A1039 /* AppDelegate.swift in Sources */,
				C7B03EE82B372456006FBB1D /* AdvantageTableVC.swift in Sources */,
				C7B03EEA2B372471006FBB1D /* AdvantageTableViewCell.swift in Sources */,
				C7B03EB82B35D5C4006FBB1D /* TagView.swift in Sources */,
				C7EFEC4F2B3AFF4A00F53422 /* Extension + Int.swift in Sources */,
				C73075C02B308B27009A1039 /* NetworkServiceProtocol.swift in Sources */,
				C7B03EF22B388CE4006FBB1D /* RoomImageCollectionViewCell.swift in Sources */,
				C7B03EEC2B3747ED006FBB1D /* BottomButton.swift in Sources */,
				C73075BB2B2F866B009A1039 /* APIURL.swift in Sources */,
				C7B03EF52B388D50006FBB1D /* RoomTableViewCell.swift in Sources */,
				C73075A42B2F68BD009A1039 /* SceneDelegate.swift in Sources */,
				C73075BE2B2F87F9009A1039 /* APIError.swift in Sources */,
				C7EFEC512B3B31EA00F53422 /* String + Extension.swift in Sources */,
				C73075C62B30CB48009A1039 /* BookingModel.swift in Sources */,
				C7B632F82B32311200CCDDFC /* BookingViewController.swift in Sources */,
				C7B632F12B321B4400CCDDFC /* HotelViewModel.swift in Sources */,
			);
			runOnlyForDeploymentPostprocessing = 0;
		};
/* End PBXSourcesBuildPhase section */

/* Begin PBXVariantGroup section */
		C73075AC2B2F68BD009A1039 /* LaunchScreen.storyboard */ = {
			isa = PBXVariantGroup;
			children = (
				C73075AD2B2F68BD009A1039 /* Base */,
			);
			name = LaunchScreen.storyboard;
			sourceTree = "<group>";
		};
/* End PBXVariantGroup section */

/* Begin XCBuildConfiguration section */
		C73075B02B2F68BD009A1039 /* Debug */ = {
			isa = XCBuildConfiguration;
			buildSettings = {
				ALWAYS_SEARCH_USER_PATHS = NO;
				ASSETCATALOG_COMPILER_GENERATE_SWIFT_ASSET_SYMBOL_EXTENSIONS = YES;
				CLANG_ANALYZER_NONNULL = YES;
				CLANG_ANALYZER_NUMBER_OBJECT_CONVERSION = YES_AGGRESSIVE;
				CLANG_CXX_LANGUAGE_STANDARD = "gnu++20";
				CLANG_ENABLE_MODULES = YES;
				CLANG_ENABLE_OBJC_ARC = YES;
				CLANG_ENABLE_OBJC_WEAK = YES;
				CLANG_WARN_BLOCK_CAPTURE_AUTORELEASING = YES;
				CLANG_WARN_BOOL_CONVERSION = YES;
				CLANG_WARN_COMMA = YES;
				CLANG_WARN_CONSTANT_CONVERSION = YES;
				CLANG_WARN_DEPRECATED_OBJC_IMPLEMENTATIONS = YES;
				CLANG_WARN_DIRECT_OBJC_ISA_USAGE = YES_ERROR;
				CLANG_WARN_DOCUMENTATION_COMMENTS = YES;
				CLANG_WARN_EMPTY_BODY = YES;
				CLANG_WARN_ENUM_CONVERSION = YES;
				CLANG_WARN_INFINITE_RECURSION = YES;
				CLANG_WARN_INT_CONVERSION = YES;
				CLANG_WARN_NON_LITERAL_NULL_CONVERSION = YES;
				CLANG_WARN_OBJC_IMPLICIT_RETAIN_SELF = YES;
				CLANG_WARN_OBJC_LITERAL_CONVERSION = YES;
				CLANG_WARN_OBJC_ROOT_CLASS = YES_ERROR;
				CLANG_WARN_QUOTED_INCLUDE_IN_FRAMEWORK_HEADER = YES;
				CLANG_WARN_RANGE_LOOP_ANALYSIS = YES;
				CLANG_WARN_STRICT_PROTOTYPES = YES;
				CLANG_WARN_SUSPICIOUS_MOVE = YES;
				CLANG_WARN_UNGUARDED_AVAILABILITY = YES_AGGRESSIVE;
				CLANG_WARN_UNREACHABLE_CODE = YES;
				CLANG_WARN__DUPLICATE_METHOD_MATCH = YES;
				COPY_PHASE_STRIP = NO;
				DEBUG_INFORMATION_FORMAT = dwarf;
				ENABLE_STRICT_OBJC_MSGSEND = YES;
				ENABLE_TESTABILITY = YES;
				ENABLE_USER_SCRIPT_SANDBOXING = YES;
				GCC_C_LANGUAGE_STANDARD = gnu17;
				GCC_DYNAMIC_NO_PIC = NO;
				GCC_NO_COMMON_BLOCKS = YES;
				GCC_OPTIMIZATION_LEVEL = 0;
				GCC_PREPROCESSOR_DEFINITIONS = (
					"DEBUG=1",
					"$(inherited)",
				);
				GCC_WARN_64_TO_32_BIT_CONVERSION = YES;
				GCC_WARN_ABOUT_RETURN_TYPE = YES_ERROR;
				GCC_WARN_UNDECLARED_SELECTOR = YES;
				GCC_WARN_UNINITIALIZED_AUTOS = YES_AGGRESSIVE;
				GCC_WARN_UNUSED_FUNCTION = YES;
				GCC_WARN_UNUSED_VARIABLE = YES;
				IPHONEOS_DEPLOYMENT_TARGET = 17.2;
				LOCALIZATION_PREFERS_STRING_CATALOGS = YES;
				MTL_ENABLE_DEBUG_INFO = INCLUDE_SOURCE;
				MTL_FAST_MATH = YES;
				ONLY_ACTIVE_ARCH = YES;
				SDKROOT = iphoneos;
				SWIFT_ACTIVE_COMPILATION_CONDITIONS = "DEBUG $(inherited)";
				SWIFT_OPTIMIZATION_LEVEL = "-Onone";
			};
			name = Debug;
		};
		C73075B12B2F68BD009A1039 /* Release */ = {
			isa = XCBuildConfiguration;
			buildSettings = {
				ALWAYS_SEARCH_USER_PATHS = NO;
				ASSETCATALOG_COMPILER_GENERATE_SWIFT_ASSET_SYMBOL_EXTENSIONS = YES;
				CLANG_ANALYZER_NONNULL = YES;
				CLANG_ANALYZER_NUMBER_OBJECT_CONVERSION = YES_AGGRESSIVE;
				CLANG_CXX_LANGUAGE_STANDARD = "gnu++20";
				CLANG_ENABLE_MODULES = YES;
				CLANG_ENABLE_OBJC_ARC = YES;
				CLANG_ENABLE_OBJC_WEAK = YES;
				CLANG_WARN_BLOCK_CAPTURE_AUTORELEASING = YES;
				CLANG_WARN_BOOL_CONVERSION = YES;
				CLANG_WARN_COMMA = YES;
				CLANG_WARN_CONSTANT_CONVERSION = YES;
				CLANG_WARN_DEPRECATED_OBJC_IMPLEMENTATIONS = YES;
				CLANG_WARN_DIRECT_OBJC_ISA_USAGE = YES_ERROR;
				CLANG_WARN_DOCUMENTATION_COMMENTS = YES;
				CLANG_WARN_EMPTY_BODY = YES;
				CLANG_WARN_ENUM_CONVERSION = YES;
				CLANG_WARN_INFINITE_RECURSION = YES;
				CLANG_WARN_INT_CONVERSION = YES;
				CLANG_WARN_NON_LITERAL_NULL_CONVERSION = YES;
				CLANG_WARN_OBJC_IMPLICIT_RETAIN_SELF = YES;
				CLANG_WARN_OBJC_LITERAL_CONVERSION = YES;
				CLANG_WARN_OBJC_ROOT_CLASS = YES_ERROR;
				CLANG_WARN_QUOTED_INCLUDE_IN_FRAMEWORK_HEADER = YES;
				CLANG_WARN_RANGE_LOOP_ANALYSIS = YES;
				CLANG_WARN_STRICT_PROTOTYPES = YES;
				CLANG_WARN_SUSPICIOUS_MOVE = YES;
				CLANG_WARN_UNGUARDED_AVAILABILITY = YES_AGGRESSIVE;
				CLANG_WARN_UNREACHABLE_CODE = YES;
				CLANG_WARN__DUPLICATE_METHOD_MATCH = YES;
				COPY_PHASE_STRIP = NO;
				DEBUG_INFORMATION_FORMAT = "dwarf-with-dsym";
				ENABLE_NS_ASSERTIONS = NO;
				ENABLE_STRICT_OBJC_MSGSEND = YES;
				ENABLE_USER_SCRIPT_SANDBOXING = YES;
				GCC_C_LANGUAGE_STANDARD = gnu17;
				GCC_NO_COMMON_BLOCKS = YES;
				GCC_WARN_64_TO_32_BIT_CONVERSION = YES;
				GCC_WARN_ABOUT_RETURN_TYPE = YES_ERROR;
				GCC_WARN_UNDECLARED_SELECTOR = YES;
				GCC_WARN_UNINITIALIZED_AUTOS = YES_AGGRESSIVE;
				GCC_WARN_UNUSED_FUNCTION = YES;
				GCC_WARN_UNUSED_VARIABLE = YES;
				IPHONEOS_DEPLOYMENT_TARGET = 17.2;
				LOCALIZATION_PREFERS_STRING_CATALOGS = YES;
				MTL_ENABLE_DEBUG_INFO = NO;
				MTL_FAST_MATH = YES;
				SDKROOT = iphoneos;
				SWIFT_COMPILATION_MODE = wholemodule;
				VALIDATE_PRODUCT = YES;
			};
			name = Release;
		};
		C73075B32B2F68BD009A1039 /* Debug */ = {
			isa = XCBuildConfiguration;
			buildSettings = {
				ASSETCATALOG_COMPILER_APPICON_NAME = AppIcon;
				ASSETCATALOG_COMPILER_GLOBAL_ACCENT_COLOR_NAME = AccentColor;
				CODE_SIGN_STYLE = Automatic;
				CURRENT_PROJECT_VERSION = 1;
				DEVELOPMENT_TEAM = U5U8485L4C;
				GENERATE_INFOPLIST_FILE = YES;
				INFOPLIST_FILE = HotelPicker/Info.plist;
				INFOPLIST_KEY_UIApplicationSupportsIndirectInputEvents = YES;
				INFOPLIST_KEY_UILaunchStoryboardName = LaunchScreen;
				INFOPLIST_KEY_UISupportedInterfaceOrientations_iPad = "UIInterfaceOrientationPortrait UIInterfaceOrientationPortraitUpsideDown UIInterfaceOrientationLandscapeLeft UIInterfaceOrientationLandscapeRight";
				INFOPLIST_KEY_UISupportedInterfaceOrientations_iPhone = "UIInterfaceOrientationPortrait UIInterfaceOrientationLandscapeLeft UIInterfaceOrientationLandscapeRight";
				IPHONEOS_DEPLOYMENT_TARGET = 17.0;
				LD_RUNPATH_SEARCH_PATHS = (
					"$(inherited)",
					"@executable_path/Frameworks",
				);
				MARKETING_VERSION = 1.0;
				PRODUCT_BUNDLE_IDENTIFIER = IlyaPavl.HotelPicker;
				PRODUCT_NAME = "$(TARGET_NAME)";
				SUPPORTED_PLATFORMS = "iphoneos iphonesimulator";
				SUPPORTS_MACCATALYST = NO;
				SUPPORTS_MAC_DESIGNED_FOR_IPHONE_IPAD = NO;
				SWIFT_EMIT_LOC_STRINGS = YES;
				SWIFT_VERSION = 5.0;
				TARGETED_DEVICE_FAMILY = 1;
			};
			name = Debug;
		};
		C73075B42B2F68BD009A1039 /* Release */ = {
			isa = XCBuildConfiguration;
			buildSettings = {
				ASSETCATALOG_COMPILER_APPICON_NAME = AppIcon;
				ASSETCATALOG_COMPILER_GLOBAL_ACCENT_COLOR_NAME = AccentColor;
				CODE_SIGN_STYLE = Automatic;
				CURRENT_PROJECT_VERSION = 1;
				DEVELOPMENT_TEAM = U5U8485L4C;
				GENERATE_INFOPLIST_FILE = YES;
				INFOPLIST_FILE = HotelPicker/Info.plist;
				INFOPLIST_KEY_UIApplicationSupportsIndirectInputEvents = YES;
				INFOPLIST_KEY_UILaunchStoryboardName = LaunchScreen;
				INFOPLIST_KEY_UISupportedInterfaceOrientations_iPad = "UIInterfaceOrientationPortrait UIInterfaceOrientationPortraitUpsideDown UIInterfaceOrientationLandscapeLeft UIInterfaceOrientationLandscapeRight";
				INFOPLIST_KEY_UISupportedInterfaceOrientations_iPhone = "UIInterfaceOrientationPortrait UIInterfaceOrientationLandscapeLeft UIInterfaceOrientationLandscapeRight";
				IPHONEOS_DEPLOYMENT_TARGET = 17.0;
				LD_RUNPATH_SEARCH_PATHS = (
					"$(inherited)",
					"@executable_path/Frameworks",
				);
				MARKETING_VERSION = 1.0;
				PRODUCT_BUNDLE_IDENTIFIER = IlyaPavl.HotelPicker;
				PRODUCT_NAME = "$(TARGET_NAME)";
				SUPPORTED_PLATFORMS = "iphoneos iphonesimulator";
				SUPPORTS_MACCATALYST = NO;
				SUPPORTS_MAC_DESIGNED_FOR_IPHONE_IPAD = NO;
				SWIFT_EMIT_LOC_STRINGS = YES;
				SWIFT_VERSION = 5.0;
				TARGETED_DEVICE_FAMILY = 1;
			};
			name = Release;
		};
/* End XCBuildConfiguration section */

/* Begin XCConfigurationList section */
		C73075992B2F68BD009A1039 /* Build configuration list for PBXProject "HotelPicker" */ = {
			isa = XCConfigurationList;
			buildConfigurations = (
				C73075B02B2F68BD009A1039 /* Debug */,
				C73075B12B2F68BD009A1039 /* Release */,
			);
			defaultConfigurationIsVisible = 0;
			defaultConfigurationName = Release;
		};
		C73075B22B2F68BD009A1039 /* Build configuration list for PBXNativeTarget "HotelPicker" */ = {
			isa = XCConfigurationList;
			buildConfigurations = (
				C73075B32B2F68BD009A1039 /* Debug */,
				C73075B42B2F68BD009A1039 /* Release */,
			);
			defaultConfigurationIsVisible = 0;
			defaultConfigurationName = Release;
		};
/* End XCConfigurationList section */
	};
	rootObject = C73075962B2F68BD009A1039 /* Project object */;
}
